
Microsoft Visual Studio Solution File, Format Version 12.00
# Visual Studio Version 16
VisualStudioVersion = 16.0.29102.190
MinimumVisualStudioVersion = 10.0.40219.1
Project("{FAE04EC0-301F-11D3-BF4B-00C04F79EFBC}") = "DocumentReview", "DocumentReview\DocumentReview.csproj", "{10614031-279B-4FE6-91CC-C5A3FB8DB820}"
EndProject
Global
	GlobalSection(SolutionConfigurationPlatforms) = preSolution
		Debug|Any CPU = Debug|Any CPU
		Release|Any CPU = Release|Any CPU
	EndGlobalSection
	GlobalSection(ProjectConfigurationPlatforms) = postSolution
		{10614031-279B-4FE6-91CC-C5A3FB8DB820}.Debug|Any CPU.ActiveCfg = Debug|Any CPU
		{10614031-279B-4FE6-91CC-C5A3FB8DB820}.Debug|Any CPU.Build.0 = Debug|Any CPU
		{10614031-279B-4FE6-91CC-C5A3FB8DB820}.Release|Any CPU.ActiveCfg = Release|Any CPU
		{10614031-279B-4FE6-91CC-C5A3FB8DB820}.Release|Any CPU.Build.0 = Release|Any CPU
	EndGlobalSection
	GlobalSection(SolutionProperties) = preSolution
		HideSolutionNode = FALSE
	EndGlobalSection
	GlobalSection(ExtensibilityGlobals) = postSolution
		SolutionGuid = {0873184D-36BB-4D09-8BDD-8B7F532B216A}
	EndGlobalSection
EndGlobal
